
Microsoft Visual Studio Solution File, Format Version 12.00
# Visual Studio 14
VisualStudioVersion = 14.0.25420.1
MinimumVisualStudioVersion = 10.0.40219.1
Project("{2150E333-8FDC-42A3-9474-1A3956D46DE8}") = "src", "src", "{C01CD54F-1C6A-4647-92AD-A77790BCB177}"
EndProject
Project("{2150E333-8FDC-42A3-9474-1A3956D46DE8}") = "Solution Items", "Solution Items", "{3FC42DCF-3012-4B1E-8ABC-731C484A5D49}"
	ProjectSection(SolutionItems) = preProject
		global.json = global.json
	EndProjectSection
EndProject
Project("{8BB2217D-0F2D-49D1-97BC-3654ED321F3B}") = "Porthor", "src\Porthor\Porthor.xproj", "{8F1ED8D2-B75E-474F-91F2-52A090B81E11}"
EndProject
Global
	GlobalSection(SolutionConfigurationPlatforms) = preSolution
		Debug|Any CPU = Debug|Any CPU
		Release|Any CPU = Release|Any CPU
	EndGlobalSection
	GlobalSection(ProjectConfigurationPlatforms) = postSolution
		{8F1ED8D2-B75E-474F-91F2-52A090B81E11}.Debug|Any CPU.ActiveCfg = Debug|Any CPU
		{8F1ED8D2-B75E-474F-91F2-52A090B81E11}.Debug|Any CPU.Build.0 = Debug|Any CPU
		{8F1ED8D2-B75E-474F-91F2-52A090B81E11}.Release|Any CPU.ActiveCfg = Release|Any CPU
		{8F1ED8D2-B75E-474F-91F2-52A090B81E11}.Release|Any CPU.Build.0 = Release|Any CPU
	EndGlobalSection
	GlobalSection(SolutionProperties) = preSolution
		HideSolutionNode = FALSE
	EndGlobalSection
	GlobalSection(NestedProjects) = preSolution
		{8F1ED8D2-B75E-474F-91F2-52A090B81E11} = {C01CD54F-1C6A-4647-92AD-A77790BCB177}
	EndGlobalSection
EndGlobal
