
Microsoft Visual Studio Solution File, Format Version 12.00
# Visual Studio 15
VisualStudioVersion = 15.0.26228.12
MinimumVisualStudioVersion = 10.0.40219.1
Project("{2150E333-8FDC-42A3-9474-1A3956D46DE8}") = "src", "src", "{A5E3EBBA-BF6F-4F73-B98C-F7656127526D}"
EndProject
Project("{FAE04EC0-301F-11D3-BF4B-00C04F79EFBC}") = "Porthor", "src\Porthor\Porthor.csproj", "{6A780C53-CB60-4529-975E-85320D23AB7D}"
EndProject
Global
	GlobalSection(SolutionConfigurationPlatforms) = preSolution
		Debug|Any CPU = Debug|Any CPU
		Release|Any CPU = Release|Any CPU
	EndGlobalSection
	GlobalSection(ProjectConfigurationPlatforms) = postSolution
		{6A780C53-CB60-4529-975E-85320D23AB7D}.Debug|Any CPU.ActiveCfg = Debug|Any CPU
		{6A780C53-CB60-4529-975E-85320D23AB7D}.Debug|Any CPU.Build.0 = Debug|Any CPU
		{6A780C53-CB60-4529-975E-85320D23AB7D}.Release|Any CPU.ActiveCfg = Release|Any CPU
		{6A780C53-CB60-4529-975E-85320D23AB7D}.Release|Any CPU.Build.0 = Release|Any CPU
	EndGlobalSection
	GlobalSection(SolutionProperties) = preSolution
		HideSolutionNode = FALSE
	EndGlobalSection
	GlobalSection(NestedProjects) = preSolution
		{6A780C53-CB60-4529-975E-85320D23AB7D} = {A5E3EBBA-BF6F-4F73-B98C-F7656127526D}
	EndGlobalSection
EndGlobal
